// !$*UTF8*$!
{
	archiveVersion = 1;
	classes = {
	};
	objectVersion = 50;
	objects = {

/* Begin PBXBuildFile section */
		1DC045E52183EF3600986DB7 /* AppDelegate.swift in Sources */ = {isa = PBXBuildFile; fileRef = 1DC045E42183EF3600986DB7 /* AppDelegate.swift */; };
		1DC045E72183EF3600986DB7 /* ViewController.swift in Sources */ = {isa = PBXBuildFile; fileRef = 1DC045E62183EF3600986DB7 /* ViewController.swift */; };
		1DC045EA2183EF3600986DB7 /* Main.storyboard in Resources */ = {isa = PBXBuildFile; fileRef = 1DC045E82183EF3600986DB7 /* Main.storyboard */; };
		1DC045EC2183EF3700986DB7 /* Assets.xcassets in Resources */ = {isa = PBXBuildFile; fileRef = 1DC045EB2183EF3700986DB7 /* Assets.xcassets */; };
		1DC045EF2183EF3700986DB7 /* LaunchScreen.storyboard in Resources */ = {isa = PBXBuildFile; fileRef = 1DC045ED2183EF3700986DB7 /* LaunchScreen.storyboard */; };
		1DC045FA2183EF3700986DB7 /* caculcateTests.swift in Sources */ = {isa = PBXBuildFile; fileRef = 1DC045F92183EF3700986DB7 /* caculcateTests.swift */; };
		1DC046052183EF3800986DB7 /* caculcateUITests.swift in Sources */ = {isa = PBXBuildFile; fileRef = 1DC046042183EF3800986DB7 /* caculcateUITests.swift */; };
/* End PBXBuildFile section */

/* Begin PBXContainerItemProxy section */
		1DC045F62183EF3700986DB7 /* PBXContainerItemProxy */ = {
			isa = PBXContainerItemProxy;
			containerPortal = 1DC045D92183EF3500986DB7 /* Project object */;
			proxyType = 1;
			remoteGlobalIDString = 1DC045E02183EF3500986DB7;
			remoteInfo = caculcate;
		};
		1DC046012183EF3800986DB7 /* PBXContainerItemProxy */ = {
			isa = PBXContainerItemProxy;
			containerPortal = 1DC045D92183EF3500986DB7 /* Project object */;
			proxyType = 1;
			remoteGlobalIDString = 1DC045E02183EF3500986DB7;
			remoteInfo = caculcate;
		};
/* End PBXContainerItemProxy section */

/* Begin PBXFileReference section */
		1DC045E12183EF3500986DB7 /* caculcate.app */ = {isa = PBXFileReference; explicitFileType = wrapper.application; includeInIndex = 0; path = caculcate.app; sourceTree = BUILT_PRODUCTS_DIR; };
		1DC045E42183EF3600986DB7 /* AppDelegate.swift */ = {isa = PBXFileReference; lastKnownFileType = sourcecode.swift; path = AppDelegate.swift; sourceTree = "<group>"; };
		1DC045E62183EF3600986DB7 /* ViewController.swift */ = {isa = PBXFileReference; lastKnownFileType = sourcecode.swift; path = ViewController.swift; sourceTree = "<group>"; };
		1DC045E92183EF3600986DB7 /* Base */ = {isa = PBXFileReference; lastKnownFileType = file.storyboard; name = Base; path = Base.lproj/Main.storyboard; sourceTree = "<group>"; };
		1DC045EB2183EF3700986DB7 /* Assets.xcassets */ = {isa = PBXFileReference; lastKnownFileType = folder.assetcatalog; path = Assets.xcassets; sourceTree = "<group>"; };
		1DC045EE2183EF3700986DB7 /* Base */ = {isa = PBXFileReference; lastKnownFileType = file.storyboard; name = Base; path = Base.lproj/LaunchScreen.storyboard; sourceTree = "<group>"; };
		1DC045F02183EF3700986DB7 /* Info.plist */ = {isa = PBXFileReference; lastKnownFileType = text.plist.xml; path = Info.plist; sourceTree = "<group>"; };
		1DC045F52183EF3700986DB7 /* caculcateTests.xctest */ = {isa = PBXFileReference; explicitFileType = wrapper.cfbundle; includeInIndex = 0; path = caculcateTests.xctest; sourceTree = BUILT_PRODUCTS_DIR; };
		1DC045F92183EF3700986DB7 /* caculcateTests.swift */ = {isa = PBXFileReference; lastKnownFileType = sourcecode.swift; path = caculcateTests.swift; sourceTree = "<group>"; };
		1DC045FB2183EF3800986DB7 /* Info.plist */ = {isa = PBXFileReference; lastKnownFileType = text.plist.xml; path = Info.plist; sourceTree = "<group>"; };
		1DC046002183EF3800986DB7 /* caculcateUITests.xctest */ = {isa = PBXFileReference; explicitFileType = wrapper.cfbundle; includeInIndex = 0; path = caculcateUITests.xctest; sourceTree = BUILT_PRODUCTS_DIR; };
		1DC046042183EF3800986DB7 /* caculcateUITests.swift */ = {isa = PBXFileReference; lastKnownFileType = sourcecode.swift; path = caculcateUITests.swift; sourceTree = "<group>"; };
		1DC046062183EF3800986DB7 /* Info.plist */ = {isa = PBXFileReference; lastKnownFileType = text.plist.xml; path = Info.plist; sourceTree = "<group>"; };
/* End PBXFileReference section */

/* Begin PBXFrameworksBuildPhase section */
		1DC045DE2183EF3500986DB7 /* Frameworks */ = {
			isa = PBXFrameworksBuildPhase;
			buildActionMask = 2147483647;
			files = (
			);
			runOnlyForDeploymentPostprocessing = 0;
		};
		1DC045F22183EF3700986DB7 /* Frameworks */ = {
			isa = PBXFrameworksBuildPhase;
			buildActionMask = 2147483647;
			files = (
			);
			runOnlyForDeploymentPostprocessing = 0;
		};
		1DC045FD2183EF3800986DB7 /* Frameworks */ = {
			isa = PBXFrameworksBuildPhase;
			buildActionMask = 2147483647;
			files = (
			);
			runOnlyForDeploymentPostprocessing = 0;
		};
/* End PBXFrameworksBuildPhase section */

/* Begin PBXGroup section */
		1DC045D82183EF3500986DB7 = {
			isa = PBXGroup;
			children = (
				1DC045E32183EF3500986DB7 /* caculcate */,
				1DC045F82183EF3700986DB7 /* caculcateTests */,
				1DC046032183EF3800986DB7 /* caculcateUITests */,
				1DC045E22183EF3500986DB7 /* Products */,
			);
			sourceTree = "<group>";
		};
		1DC045E22183EF3500986DB7 /* Products */ = {
			isa = PBXGroup;
			children = (
				1DC045E12183EF3500986DB7 /* caculcate.app */,
				1DC045F52183EF3700986DB7 /* caculcateTests.xctest */,
				1DC046002183EF3800986DB7 /* caculcateUITests.xctest */,
			);
			name = Products;
			sourceTree = "<group>";
		};
		1DC045E32183EF3500986DB7 /* caculcate */ = {
			isa = PBXGroup;
			children = (
				1DC045E42183EF3600986DB7 /* AppDelegate.swift */,
				1DC045E62183EF3600986DB7 /* ViewController.swift */,
				1DC045E82183EF3600986DB7 /* Main.storyboard */,
				1DC045EB2183EF3700986DB7 /* Assets.xcassets */,
				1DC045ED2183EF3700986DB7 /* LaunchScreen.storyboard */,
				1DC045F02183EF3700986DB7 /* Info.plist */,
			);
			path = caculcate;
			sourceTree = "<group>";
		};
		1DC045F82183EF3700986DB7 /* caculcateTests */ = {
			isa = PBXGroup;
			children = (
				1DC045F92183EF3700986DB7 /* caculcateTests.swift */,
				1DC045FB2183EF3800986DB7 /* Info.plist */,
			);
			path = caculcateTests;
			sourceTree = "<group>";
		};
		1DC046032183EF3800986DB7 /* caculcateUITests */ = {
			isa = PBXGroup;
			children = (
				1DC046042183EF3800986DB7 /* caculcateUITests.swift */,
				1DC046062183EF3800986DB7 /* Info.plist */,
			);
			path = caculcateUITests;
			sourceTree = "<group>";
		};
/* End PBXGroup section */

/* Begin PBXNativeTarget section */
		1DC045E02183EF3500986DB7 /* caculcate */ = {
			isa = PBXNativeTarget;
			buildConfigurationList = 1DC046092183EF3800986DB7 /* Build configuration list for PBXNativeTarget "caculcate" */;
			buildPhases = (
				1DC045DD2183EF3500986DB7 /* Sources */,
				1DC045DE2183EF3500986DB7 /* Frameworks */,
				1DC045DF2183EF3500986DB7 /* Resources */,
			);
			buildRules = (
			);
			dependencies = (
			);
			name = caculcate;
			productName = caculcate;
			productReference = 1DC045E12183EF3500986DB7 /* caculcate.app */;
			productType = "com.apple.product-type.application";
		};
		1DC045F42183EF3700986DB7 /* caculcateTests */ = {
			isa = PBXNativeTarget;
			buildConfigurationList = 1DC0460C2183EF3800986DB7 /* Build configuration list for PBXNativeTarget "caculcateTests" */;
			buildPhases = (
				1DC045F12183EF3700986DB7 /* Sources */,
				1DC045F22183EF3700986DB7 /* Frameworks */,
				1DC045F32183EF3700986DB7 /* Resources */,
			);
			buildRules = (
			);
			dependencies = (
				1DC045F72183EF3700986DB7 /* PBXTargetDependency */,
			);
			name = caculcateTests;
			productName = caculcateTests;
			productReference = 1DC045F52183EF3700986DB7 /* caculcateTests.xctest */;
			productType = "com.apple.product-type.bundle.unit-test";
		};
		1DC045FF2183EF3800986DB7 /* caculcateUITests */ = {
			isa = PBXNativeTarget;
			buildConfigurationList = 1DC0460F2183EF3800986DB7 /* Build configuration list for PBXNativeTarget "caculcateUITests" */;
			buildPhases = (
				1DC045FC2183EF3800986DB7 /* Sources */,
				1DC045FD2183EF3800986DB7 /* Frameworks */,
				1DC045FE2183EF3800986DB7 /* Resources */,
			);
			buildRules = (
			);
			dependencies = (
				1DC046022183EF3800986DB7 /* PBXTargetDependency */,
			);
			name = caculcateUITests;
			productName = caculcateUITests;
			productReference = 1DC046002183EF3800986DB7 /* caculcateUITests.xctest */;
			productType = "com.apple.product-type.bundle.ui-testing";
		};
/* End PBXNativeTarget section */

/* Begin PBXProject section */
		1DC045D92183EF3500986DB7 /* Project object */ = {
			isa = PBXProject;
			attributes = {
				LastSwiftUpdateCheck = 1000;
				LastUpgradeCheck = 1000;
				ORGANIZATIONNAME = s20171103198;
				TargetAttributes = {
					1DC045E02183EF3500986DB7 = {
						CreatedOnToolsVersion = 10.0;
					};
					1DC045F42183EF3700986DB7 = {
						CreatedOnToolsVersion = 10.0;
						TestTargetID = 1DC045E02183EF3500986DB7;
					};
					1DC045FF2183EF3800986DB7 = {
						CreatedOnToolsVersion = 10.0;
						TestTargetID = 1DC045E02183EF3500986DB7;
					};
				};
			};
			buildConfigurationList = 1DC045DC2183EF3500986DB7 /* Build configuration list for PBXProject "caculcate" */;
			compatibilityVersion = "Xcode 9.3";
			developmentRegion = en;
			hasScannedForEncodings = 0;
			knownRegions = (
				en,
				Base,
			);
			mainGroup = 1DC045D82183EF3500986DB7;
			productRefGroup = 1DC045E22183EF3500986DB7 /* Products */;
			projectDirPath = "";
			projectRoot = "";
			targets = (
				1DC045E02183EF3500986DB7 /* caculcate */,
				1DC045F42183EF3700986DB7 /* caculcateTests */,
				1DC045FF2183EF3800986DB7 /* caculcateUITests */,
			);
		};
/* End PBXProject section */

/* Begin PBXResourcesBuildPhase section */
		1DC045DF2183EF3500986DB7 /* Resources */ = {
			isa = PBXResourcesBuildPhase;
			buildActionMask = 2147483647;
			files = (
				1DC045EF2183EF3700986DB7 /* LaunchScreen.storyboard in Resources */,
				1DC045EC2183EF3700986DB7 /* Assets.xcassets in Resources */,
				1DC045EA2183EF3600986DB7 /* Main.storyboard in Resources */,
			);
			runOnlyForDeploymentPostprocessing = 0;
		};
		1DC045F32183EF3700986DB7 /* Resources */ = {
			isa = PBXResourcesBuildPhase;
			buildActionMask = 2147483647;
			files = (
			);
			runOnlyForDeploymentPostprocessing = 0;
		};
		1DC045FE2183EF3800986DB7 /* Resources */ = {
			isa = PBXResourcesBuildPhase;
			buildActionMask = 2147483647;
			files = (
			);
			runOnlyForDeploymentPostprocessing = 0;
		};
/* End PBXResourcesBuildPhase section */

/* Begin PBXSourcesBuildPhase section */
		1DC045DD2183EF3500986DB7 /* Sources */ = {
			isa = PBXSourcesBuildPhase;
			buildActionMask = 2147483647;
			files = (
				1DC045E72183EF3600986DB7 /* ViewController.swift in Sources */,
				1DC045E52183EF3600986DB7 /* AppDelegate.swift in Sources */,
			);
			runOnlyForDeploymentPostprocessing = 0;
		};
		1DC045F12183EF3700986DB7 /* Sources */ = {
			isa = PBXSourcesBuildPhase;
			buildActionMask = 2147483647;
			files = (
				1DC045FA2183EF3700986DB7 /* caculcateTests.swift in Sources */,
			);
			runOnlyForDeploymentPostprocessing = 0;
		};
		1DC045FC2183EF3800986DB7 /* Sources */ = {
			isa = PBXSourcesBuildPhase;
			buildActionMask = 2147483647;
			files = (
				1DC046052183EF3800986DB7 /* caculcateUITests.swift in Sources */,
			);
			runOnlyForDeploymentPostprocessing = 0;
		};
/* End PBXSourcesBuildPhase section */

/* Begin PBXTargetDependency section */
		1DC045F72183EF3700986DB7 /* PBXTargetDependency */ = {
			isa = PBXTargetDependency;
			target = 1DC045E02183EF3500986DB7 /* caculcate */;
			targetProxy = 1DC045F62183EF3700986DB7 /* PBXContainerItemProxy */;
		};
		1DC046022183EF3800986DB7 /* PBXTargetDependency */ = {
			isa = PBXTargetDependency;
			target = 1DC045E02183EF3500986DB7 /* caculcate */;
			targetProxy = 1DC046012183EF3800986DB7 /* PBXContainerItemProxy */;
		};
/* End PBXTargetDependency section */

/* Begin PBXVariantGroup section */
		1DC045E82183EF3600986DB7 /* Main.storyboard */ = {
			isa = PBXVariantGroup;
			children = (
				1DC045E92183EF3600986DB7 /* Base */,
			);
			name = Main.storyboard;
			sourceTree = "<group>";
		};
		1DC045ED2183EF3700986DB7 /* LaunchScreen.storyboard */ = {
			isa = PBXVariantGroup;
			children = (
				1DC045EE2183EF3700986DB7 /* Base */,
			);
			name = LaunchScreen.storyboard;
			sourceTree = "<group>";
		};
/* End PBXVariantGroup section */

/* Begin XCBuildConfiguration section */
		1DC046072183EF3800986DB7 /* Debug */ = {
			isa = XCBuildConfiguration;
			buildSettings = {
				ALWAYS_SEARCH_USER_PATHS = NO;
				CLANG_ANALYZER_NONNULL = YES;
				CLANG_ANALYZER_NUMBER_OBJECT_CONVERSION = YES_AGGRESSIVE;
				CLANG_CXX_LANGUAGE_STANDARD = "gnu++14";
				CLANG_CXX_LIBRARY = "libc++";
				CLANG_ENABLE_MODULES = YES;
				CLANG_ENABLE_OBJC_ARC = YES;
				CLANG_ENABLE_OBJC_WEAK = YES;
				CLANG_WARN_BLOCK_CAPTURE_AUTORELEASING = YES;
				CLANG_WARN_BOOL_CONVERSION = YES;
				CLANG_WARN_COMMA = YES;
				CLANG_WARN_CONSTANT_CONVERSION = YES;
				CLANG_WARN_DEPRECATED_OBJC_IMPLEMENTATIONS = YES;
				CLANG_WARN_DIRECT_OBJC_ISA_USAGE = YES_ERROR;
				CLANG_WARN_DOCUMENTATION_COMMENTS = YES;
				CLANG_WARN_EMPTY_BODY = YES;
				CLANG_WARN_ENUM_CONVERSION = YES;
				CLANG_WARN_INFINITE_RECURSION = YES;
				CLANG_WARN_INT_CONVERSION = YES;
				CLANG_WARN_NON_LITERAL_NULL_CONVERSION = YES;
				CLANG_WARN_OBJC_IMPLICIT_RETAIN_SELF = YES;
				CLANG_WARN_OBJC_LITERAL_CONVERSION = YES;
				CLANG_WARN_OBJC_ROOT_CLASS = YES_ERROR;
				CLANG_WARN_RANGE_LOOP_ANALYSIS = YES;
				CLANG_WARN_STRICT_PROTOTYPES = YES;
				CLANG_WARN_SUSPICIOUS_MOVE = YES;
				CLANG_WARN_UNGUARDED_AVAILABILITY = YES_AGGRESSIVE;
				CLANG_WARN_UNREACHABLE_CODE = YES;
				CLANG_WARN__DUPLICATE_METHOD_MATCH = YES;
				CODE_SIGN_IDENTITY = "iPhone Developer";
				COPY_PHASE_STRIP = NO;
				DEBUG_INFORMATION_FORMAT = dwarf;
				ENABLE_STRICT_OBJC_MSGSEND = YES;
				ENABLE_TESTABILITY = YES;
				GCC_C_LANGUAGE_STANDARD = gnu11;
				GCC_DYNAMIC_NO_PIC = NO;
				GCC_NO_COMMON_BLOCKS = YES;
				GCC_OPTIMIZATION_LEVEL = 0;
				GCC_PREPROCESSOR_DEFINITIONS = (
					"DEBUG=1",
					"$(inherited)",
				);
				GCC_WARN_64_TO_32_BIT_CONVERSION = YES;
				GCC_WARN_ABOUT_RETURN_TYPE = YES_ERROR;
				GCC_WARN_UNDECLARED_SELECTOR = YES;
				GCC_WARN_UNINITIALIZED_AUTOS = YES_AGGRESSIVE;
				GCC_WARN_UNUSED_FUNCTION = YES;
				GCC_WARN_UNUSED_VARIABLE = YES;
				IPHONEOS_DEPLOYMENT_TARGET = 12.0;
				MTL_ENABLE_DEBUG_INFO = INCLUDE_SOURCE;
				MTL_FAST_MATH = YES;
				ONLY_ACTIVE_ARCH = YES;
				SDKROOT = iphoneos;
				SWIFT_ACTIVE_COMPILATION_CONDITIONS = DEBUG;
				SWIFT_OPTIMIZATION_LEVEL = "-Onone";
			};
			name = Debug;
		};
		1DC046082183EF3800986DB7 /* Release */ = {
			isa = XCBuildConfiguration;
			buildSettings = {
				ALWAYS_SEARCH_USER_PATHS = NO;
				CLANG_ANALYZER_NONNULL = YES;
				CLANG_ANALYZER_NUMBER_OBJECT_CONVERSION = YES_AGGRESSIVE;
				CLANG_CXX_LANGUAGE_STANDARD = "gnu++14";
				CLANG_CXX_LIBRARY = "libc++";
				CLANG_ENABLE_MODULES = YES;
				CLANG_ENABLE_OBJC_ARC = YES;
				CLANG_ENABLE_OBJC_WEAK = YES;
				CLANG_WARN_BLOCK_CAPTURE_AUTORELEASING = YES;
				CLANG_WARN_BOOL_CONVERSION = YES;
				CLANG_WARN_COMMA = YES;
				CLANG_WARN_CONSTANT_CONVERSION = YES;
				CLANG_WARN_DEPRECATED_OBJC_IMPLEMENTATIONS = YES;
				CLANG_WARN_DIRECT_OBJC_ISA_USAGE = YES_ERROR;
				CLANG_WARN_DOCUMENTATION_COMMENTS = YES;
				CLANG_WARN_EMPTY_BODY = YES;
				CLANG_WARN_ENUM_CONVERSION = YES;
				CLANG_WARN_INFINITE_RECURSION = YES;
				CLANG_WARN_INT_CONVERSION = YES;
				CLANG_WARN_NON_LITERAL_NULL_CONVERSION = YES;
				CLANG_WARN_OBJC_IMPLICIT_RETAIN_SELF = YES;
				CLANG_WARN_OBJC_LITERAL_CONVERSION = YES;
				CLANG_WARN_OBJC_ROOT_CLASS = YES_ERROR;
				CLANG_WARN_RANGE_LOOP_ANALYSIS = YES;
				CLANG_WARN_STRICT_PROTOTYPES = YES;
				CLANG_WARN_SUSPICIOUS_MOVE = YES;
				CLANG_WARN_UNGUARDED_AVAILABILITY = YES_AGGRESSIVE;
				CLANG_WARN_UNREACHABLE_CODE = YES;
				CLANG_WARN__DUPLICATE_METHOD_MATCH = YES;
				CODE_SIGN_IDENTITY = "iPhone Developer";
				COPY_PHASE_STRIP = NO;
				DEBUG_INFORMATION_FORMAT = "dwarf-with-dsym";
				ENABLE_NS_ASSERTIONS = NO;
				ENABLE_STRICT_OBJC_MSGSEND = YES;
				GCC_C_LANGUAGE_STANDARD = gnu11;
				GCC_NO_COMMON_BLOCKS = YES;
				GCC_WARN_64_TO_32_BIT_CONVERSION = YES;
				GCC_WARN_ABOUT_RETURN_TYPE = YES_ERROR;
				GCC_WARN_UNDECLARED_SELECTOR = YES;
				GCC_WARN_UNINITIALIZED_AUTOS = YES_AGGRESSIVE;
				GCC_WARN_UNUSED_FUNCTION = YES;
				GCC_WARN_UNUSED_VARIABLE = YES;
				IPHONEOS_DEPLOYMENT_TARGET = 12.0;
				MTL_ENABLE_DEBUG_INFO = NO;
				MTL_FAST_MATH = YES;
				SDKROOT = iphoneos;
				SWIFT_COMPILATION_MODE = wholemodule;
				SWIFT_OPTIMIZATION_LEVEL = "-O";
				VALIDATE_PRODUCT = YES;
			};
			name = Release;
		};
		1DC0460A2183EF3800986DB7 /* Debug */ = {
			isa = XCBuildConfiguration;
			buildSettings = {
				ASSETCATALOG_COMPILER_APPICON_NAME = AppIcon;
				CODE_SIGN_STYLE = Automatic;
				INFOPLIST_FILE = caculcate/Info.plist;
				LD_RUNPATH_SEARCH_PATHS = (
					"$(inherited)",
					"@executable_path/Frameworks",
				);
				PRODUCT_BUNDLE_IDENTIFIER = "-10330.caculcate";
				PRODUCT_NAME = "$(TARGET_NAME)";
				SWIFT_VERSION = 4.2;
				TARGETED_DEVICE_FAMILY = "1,2";
			};
			name = Debug;
		};
		1DC0460B2183EF3800986DB7 /* Release */ = {
			isa = XCBuildConfiguration;
			buildSettings = {
				ASSETCATALOG_COMPILER_APPICON_NAME = AppIcon;
				CODE_SIGN_STYLE = Automatic;
				INFOPLIST_FILE = caculcate/Info.plist;
				LD_RUNPATH_SEARCH_PATHS = (
					"$(inherited)",
					"@executable_path/Frameworks",
				);
				PRODUCT_BUNDLE_IDENTIFIER = "-10330.caculcate";
				PRODUCT_NAME = "$(TARGET_NAME)";
				SWIFT_VERSION = 4.2;
				TARGETED_DEVICE_FAMILY = "1,2";
			};
			name = Release;
		};
		1DC0460D2183EF3800986DB7 /* Debug */ = {
			isa = XCBuildConfiguration;
			buildSettings = {
				ALWAYS_EMBED_SWIFT_STANDARD_LIBRARIES = YES;
				BUNDLE_LOADER = "$(TEST_HOST)";
				CODE_SIGN_STYLE = Automatic;
				INFOPLIST_FILE = caculcateTests/Info.plist;
				LD_RUNPATH_SEARCH_PATHS = (
					"$(inherited)",
					"@executable_path/Frameworks",
					"@loader_path/Frameworks",
				);
				PRODUCT_BUNDLE_IDENTIFIER = "-10330.caculcateTests";
				PRODUCT_NAME = "$(TARGET_NAME)";
				SWIFT_VERSION = 4.2;
				TARGETED_DEVICE_FAMILY = "1,2";
				TEST_HOST = "$(BUILT_PRODUCTS_DIR)/caculcate.app/caculcate";
			};
			name = Debug;
		};
		1DC0460E2183EF3800986DB7 /* Release */ = {
			isa = XCBuildConfiguration;
			buildSettings = {
				ALWAYS_EMBED_SWIFT_STANDARD_LIBRARIES = YES;
				BUNDLE_LOADER = "$(TEST_HOST)";
				CODE_SIGN_STYLE = Automatic;
				INFOPLIST_FILE = caculcateTests/Info.plist;
				LD_RUNPATH_SEARCH_PATHS = (
					"$(inherited)",
					"@executable_path/Frameworks",
					"@loader_path/Frameworks",
				);
				PRODUCT_BUNDLE_IDENTIFIER = "-10330.caculcateTests";
				PRODUCT_NAME = "$(TARGET_NAME)";
				SWIFT_VERSION = 4.2;
				TARGETED_DEVICE_FAMILY = "1,2";
				TEST_HOST = "$(BUILT_PRODUCTS_DIR)/caculcate.app/caculcate";
			};
			name = Release;
		};
		1DC046102183EF3800986DB7 /* Debug */ = {
			isa = XCBuildConfiguration;
			buildSettings = {
				ALWAYS_EMBED_SWIFT_STANDARD_LIBRARIES = YES;
				CODE_SIGN_STYLE = Automatic;
				INFOPLIST_FILE = caculcateUITests/Info.plist;
				LD_RUNPATH_SEARCH_PATHS = (
					"$(inherited)",
					"@executable_path/Frameworks",
					"@loader_path/Frameworks",
				);
				PRODUCT_BUNDLE_IDENTIFIER = "-10330.caculcateUITests";
				PRODUCT_NAME = "$(TARGET_NAME)";
				SWIFT_VERSION = 4.2;
				TARGETED_DEVICE_FAMILY = "1,2";
				TEST_TARGET_NAME = caculcate;
			};
			name = Debug;
		};
		1DC046112183EF3800986DB7 /* Release */ = {
			isa = XCBuildConfiguration;
			buildSettings = {
				ALWAYS_EMBED_SWIFT_STANDARD_LIBRARIES = YES;
				CODE_SIGN_STYLE = Automatic;
				INFOPLIST_FILE = caculcateUITests/Info.plist;
				LD_RUNPATH_SEARCH_PATHS = (
					"$(inherited)",
					"@executable_path/Frameworks",
					"@loader_path/Frameworks",
				);
				PRODUCT_BUNDLE_IDENTIFIER = "-10330.caculcateUITests";
				PRODUCT_NAME = "$(TARGET_NAME)";
				SWIFT_VERSION = 4.2;
				TARGETED_DEVICE_FAMILY = "1,2";
				TEST_TARGET_NAME = caculcate;
			};
			name = Release;
		};
/* End XCBuildConfiguration section */

/* Begin XCConfigurationList section */
		1DC045DC2183EF3500986DB7 /* Build configuration list for PBXProject "caculcate" */ = {
			isa = XCConfigurationList;
			buildConfigurations = (
				1DC046072183EF3800986DB7 /* Debug */,
				1DC046082183EF3800986DB7 /* Release */,
			);
			defaultConfigurationIsVisible = 0;
			defaultConfigurationName = Release;
		};
		1DC046092183EF3800986DB7 /* Build configuration list for PBXNativeTarget "caculcate" */ = {
			isa = XCConfigurationList;
			buildConfigurations = (
				1DC0460A2183EF3800986DB7 /* Debug */,
				1DC0460B2183EF3800986DB7 /* Release */,
			);
			defaultConfigurationIsVisible = 0;
			defaultConfigurationName = Release;
		};
		1DC0460C2183EF3800986DB7 /* Build configuration list for PBXNativeTarget "caculcateTests" */ = {
			isa = XCConfigurationList;
			buildConfigurations = (
				1DC0460D2183EF3800986DB7 /* Debug */,
				1DC0460E2183EF3800986DB7 /* Release */,
			);
			defaultConfigurationIsVisible = 0;
			defaultConfigurationName = Release;
		};
		1DC0460F2183EF3800986DB7 /* Build configuration list for PBXNativeTarget "caculcateUITests" */ = {
			isa = XCConfigurationList;
			buildConfigurations = (
				1DC046102183EF3800986DB7 /* Debug */,
				1DC046112183EF3800986DB7 /* Release */,
			);
			defaultConfigurationIsVisible = 0;
			defaultConfigurationName = Release;
		};
/* End XCConfigurationList section */
	};
	rootObject = 1DC045D92183EF3500986DB7 /* Project object */;
}
